// !$*UTF8*$!
{
	archiveVersion = 1;
	classes = {
	};
	objectVersion = 46;
	objects = {

/* Begin PBXBuildFile section */
		214534401DADFE5000C63851 /* main.m in Sources */ = {isa = PBXBuildFile; fileRef = 2145343F1DADFE5000C63851 /* main.m */; };
		214534431DADFE5100C63851 /* AppDelegate.m in Sources */ = {isa = PBXBuildFile; fileRef = 214534421DADFE5100C63851 /* AppDelegate.m */; };
		214534461DADFE5300C63851 /* ViewController.m in Sources */ = {isa = PBXBuildFile; fileRef = 214534451DADFE5200C63851 /* ViewController.m */; };
		214534491DADFE5400C63851 /* Main.storyboard in Resources */ = {isa = PBXBuildFile; fileRef = 214534471DADFE5400C63851 /* Main.storyboard */; };
		2145344C1DADFE5600C63851 /* FetchedResultsIssue.xcdatamodeld in Sources */ = {isa = PBXBuildFile; fileRef = 2145344A1DADFE5600C63851 /* FetchedResultsIssue.xcdatamodeld */; };
		2145344E1DADFE5600C63851 /* Assets.xcassets in Resources */ = {isa = PBXBuildFile; fileRef = 2145344D1DADFE5600C63851 /* Assets.xcassets */; };
		214534511DADFE5800C63851 /* LaunchScreen.storyboard in Resources */ = {isa = PBXBuildFile; fileRef = 2145344F1DADFE5800C63851 /* LaunchScreen.storyboard */; };
		2145345C1DADFE6300C63851 /* FetchedResultsIssueTests.m in Sources */ = {isa = PBXBuildFile; fileRef = 2145345B1DADFE6300C63851 /* FetchedResultsIssueTests.m */; };
		214534671DADFE6300C63851 /* FetchedResultsIssueUITests.m in Sources */ = {isa = PBXBuildFile; fileRef = 214534661DADFE6300C63851 /* FetchedResultsIssueUITests.m */; };
/* End PBXBuildFile section */

/* Begin PBXContainerItemProxy section */
		214534581DADFE6200C63851 /* PBXContainerItemProxy */ = {
			isa = PBXContainerItemProxy;
			containerPortal = 214534331DADFE3B00C63851 /* Project object */;
			proxyType = 1;
			remoteGlobalIDString = 2145343A1DADFE3D00C63851;
			remoteInfo = FetchedResultsIssue;
		};
		214534631DADFE6300C63851 /* PBXContainerItemProxy */ = {
			isa = PBXContainerItemProxy;
			containerPortal = 214534331DADFE3B00C63851 /* Project object */;
			proxyType = 1;
			remoteGlobalIDString = 2145343A1DADFE3D00C63851;
			remoteInfo = FetchedResultsIssue;
		};
/* End PBXContainerItemProxy section */

/* Begin PBXFileReference section */
		2145343B1DADFE4D00C63851 /* FetchedResultsIssue.app */ = {isa = PBXFileReference; explicitFileType = wrapper.application; includeInIndex = 0; path = FetchedResultsIssue.app; sourceTree = BUILT_PRODUCTS_DIR; };
		2145343F1DADFE5000C63851 /* main.m */ = {isa = PBXFileReference; lastKnownFileType = sourcecode.c.objc; path = main.m; sourceTree = "<group>"; };
		214534411DADFE5000C63851 /* AppDelegate.h */ = {isa = PBXFileReference; lastKnownFileType = sourcecode.c.h; path = AppDelegate.h; sourceTree = "<group>"; };
		214534421DADFE5100C63851 /* AppDelegate.m */ = {isa = PBXFileReference; lastKnownFileType = sourcecode.c.objc; path = AppDelegate.m; sourceTree = "<group>"; };
		214534441DADFE5200C63851 /* ViewController.h */ = {isa = PBXFileReference; lastKnownFileType = sourcecode.c.h; path = ViewController.h; sourceTree = "<group>"; };
		214534451DADFE5200C63851 /* ViewController.m */ = {isa = PBXFileReference; lastKnownFileType = sourcecode.c.objc; path = ViewController.m; sourceTree = "<group>"; };
		214534481DADFE5400C63851 /* Base */ = {isa = PBXFileReference; lastKnownFileType = file.storyboard; name = Base; path = Base.lproj/Main.storyboard; sourceTree = "<group>"; };
		2145344B1DADFE5600C63851 /* FetchedResultsIssue.xcdatamodel */ = {isa = PBXFileReference; lastKnownFileType = wrapper.xcdatamodel; path = FetchedResultsIssue.xcdatamodel; sourceTree = "<group>"; };
		2145344D1DADFE5600C63851 /* Assets.xcassets */ = {isa = PBXFileReference; lastKnownFileType = folder.assetcatalog; path = Assets.xcassets; sourceTree = "<group>"; };
		214534501DADFE5800C63851 /* Base */ = {isa = PBXFileReference; lastKnownFileType = file.storyboard; name = Base; path = Base.lproj/LaunchScreen.storyboard; sourceTree = "<group>"; };
		214534521DADFE5900C63851 /* Info.plist */ = {isa = PBXFileReference; lastKnownFileType = text.plist.xml; path = Info.plist; sourceTree = "<group>"; };
		214534571DADFE6200C63851 /* FetchedResultsIssueTests.xctest */ = {isa = PBXFileReference; explicitFileType = wrapper.cfbundle; includeInIndex = 0; path = FetchedResultsIssueTests.xctest; sourceTree = BUILT_PRODUCTS_DIR; };
		2145345B1DADFE6300C63851 /* FetchedResultsIssueTests.m */ = {isa = PBXFileReference; lastKnownFileType = sourcecode.c.objc; path = FetchedResultsIssueTests.m; sourceTree = "<group>"; };
		2145345D1DADFE6300C63851 /* Info.plist */ = {isa = PBXFileReference; lastKnownFileType = text.plist.xml; path = Info.plist; sourceTree = "<group>"; };
		214534621DADFE6300C63851 /* FetchedResultsIssueUITests.xctest */ = {isa = PBXFileReference; explicitFileType = wrapper.cfbundle; includeInIndex = 0; path = FetchedResultsIssueUITests.xctest; sourceTree = BUILT_PRODUCTS_DIR; };
		214534661DADFE6300C63851 /* FetchedResultsIssueUITests.m */ = {isa = PBXFileReference; lastKnownFileType = sourcecode.c.objc; path = FetchedResultsIssueUITests.m; sourceTree = "<group>"; };
		214534681DADFE6500C63851 /* Info.plist */ = {isa = PBXFileReference; lastKnownFileType = text.plist.xml; path = Info.plist; sourceTree = "<group>"; };
/* End PBXFileReference section */

/* Begin PBXFrameworksBuildPhase section */
		214534381DADFE3D00C63851 /* Frameworks */ = {
			isa = PBXFrameworksBuildPhase;
			buildActionMask = 2147483647;
			files = (
			);
			runOnlyForDeploymentPostprocessing = 0;
		};
		214534541DADFE6200C63851 /* Frameworks */ = {
			isa = PBXFrameworksBuildPhase;
			buildActionMask = 2147483647;
			files = (
			);
			runOnlyForDeploymentPostprocessing = 0;
		};
		2145345F1DADFE6300C63851 /* Frameworks */ = {
			isa = PBXFrameworksBuildPhase;
			buildActionMask = 2147483647;
			files = (
			);
			runOnlyForDeploymentPostprocessing = 0;
		};
/* End PBXFrameworksBuildPhase section */

/* Begin PBXGroup section */
		214534321DADFE3A00C63851 = {
			isa = PBXGroup;
			children = (
				2145343D1DADFE4E00C63851 /* FetchedResultsIssue */,
				2145345A1DADFE6200C63851 /* FetchedResultsIssueTests */,
				214534651DADFE6300C63851 /* FetchedResultsIssueUITests */,
				2145343C1DADFE4D00C63851 /* Products */,
			);
			sourceTree = "<group>";
		};
		2145343C1DADFE4D00C63851 /* Products */ = {
			isa = PBXGroup;
			children = (
				2145343B1DADFE4D00C63851 /* FetchedResultsIssue.app */,
				214534571DADFE6200C63851 /* FetchedResultsIssueTests.xctest */,
				214534621DADFE6300C63851 /* FetchedResultsIssueUITests.xctest */,
			);
			name = Products;
			sourceTree = "<group>";
		};
		2145343D1DADFE4E00C63851 /* FetchedResultsIssue */ = {
			isa = PBXGroup;
			children = (
				214534411DADFE5000C63851 /* AppDelegate.h */,
				214534421DADFE5100C63851 /* AppDelegate.m */,
				214534441DADFE5200C63851 /* ViewController.h */,
				214534451DADFE5200C63851 /* ViewController.m */,
				214534471DADFE5400C63851 /* Main.storyboard */,
				2145344D1DADFE5600C63851 /* Assets.xcassets */,
				2145344F1DADFE5800C63851 /* LaunchScreen.storyboard */,
				214534521DADFE5900C63851 /* Info.plist */,
				2145344A1DADFE5600C63851 /* FetchedResultsIssue.xcdatamodeld */,
				2145343E1DADFE4F00C63851 /* Supporting Files */,
			);
			path = FetchedResultsIssue;
			sourceTree = "<group>";
		};
		2145343E1DADFE4F00C63851 /* Supporting Files */ = {
			isa = PBXGroup;
			children = (
				2145343F1DADFE5000C63851 /* main.m */,
			);
			name = "Supporting Files";
			sourceTree = "<group>";
		};
		2145345A1DADFE6200C63851 /* FetchedResultsIssueTests */ = {
			isa = PBXGroup;
			children = (
				2145345B1DADFE6300C63851 /* FetchedResultsIssueTests.m */,
				2145345D1DADFE6300C63851 /* Info.plist */,
			);
			path = FetchedResultsIssueTests;
			sourceTree = "<group>";
		};
		214534651DADFE6300C63851 /* FetchedResultsIssueUITests */ = {
			isa = PBXGroup;
			children = (
				214534661DADFE6300C63851 /* FetchedResultsIssueUITests.m */,
				214534681DADFE6500C63851 /* Info.plist */,
			);
			path = FetchedResultsIssueUITests;
			sourceTree = "<group>";
		};
/* End PBXGroup section */

/* Begin PBXNativeTarget section */
		2145343A1DADFE3D00C63851 /* FetchedResultsIssue */ = {
			isa = PBXNativeTarget;
			buildConfigurationList = 2145346B1DADFE6500C63851 /* Build configuration list for PBXNativeTarget "FetchedResultsIssue" */;
			buildPhases = (
				214534371DADFE3D00C63851 /* Sources */,
				214534381DADFE3D00C63851 /* Frameworks */,
				214534391DADFE3D00C63851 /* Resources */,
			);
			buildRules = (
			);
			dependencies = (
			);
			name = FetchedResultsIssue;
			productName = FetchedResultsIssue;
			productReference = 2145343B1DADFE4D00C63851 /* FetchedResultsIssue.app */;
			productType = "com.apple.product-type.application";
		};
		214534561DADFE6200C63851 /* FetchedResultsIssueTests */ = {
			isa = PBXNativeTarget;
			buildConfigurationList = 2145346E1DADFE6500C63851 /* Build configuration list for PBXNativeTarget "FetchedResultsIssueTests" */;
			buildPhases = (
				214534531DADFE6200C63851 /* Sources */,
				214534541DADFE6200C63851 /* Frameworks */,
				214534551DADFE6200C63851 /* Resources */,
			);
			buildRules = (
			);
			dependencies = (
				214534591DADFE6200C63851 /* PBXTargetDependency */,
			);
			name = FetchedResultsIssueTests;
			productName = FetchedResultsIssueTests;
			productReference = 214534571DADFE6200C63851 /* FetchedResultsIssueTests.xctest */;
			productType = "com.apple.product-type.bundle.unit-test";
		};
		214534611DADFE6300C63851 /* FetchedResultsIssueUITests */ = {
			isa = PBXNativeTarget;
			buildConfigurationList = 214534711DADFE6500C63851 /* Build configuration list for PBXNativeTarget "FetchedResultsIssueUITests" */;
			buildPhases = (
				2145345E1DADFE6300C63851 /* Sources */,
				2145345F1DADFE6300C63851 /* Frameworks */,
				214534601DADFE6300C63851 /* Resources */,
			);
			buildRules = (
			);
			dependencies = (
				214534641DADFE6300C63851 /* PBXTargetDependency */,
			);
			name = FetchedResultsIssueUITests;
			productName = FetchedResultsIssueUITests;
			productReference = 214534621DADFE6300C63851 /* FetchedResultsIssueUITests.xctest */;
			productType = "com.apple.product-type.bundle.ui-testing";
		};
/* End PBXNativeTarget section */

/* Begin PBXProject section */
		214534331DADFE3B00C63851 /* Project object */ = {
			isa = PBXProject;
			attributes = {
				LastUpgradeCheck = 0800;
				ORGANIZATIONNAME = Test;
				TargetAttributes = {
					2145343A1DADFE3D00C63851 = {
						CreatedOnToolsVersion = 8.0;
						ProvisioningStyle = Automatic;
					};
					214534561DADFE6200C63851 = {
						CreatedOnToolsVersion = 8.0;
						ProvisioningStyle = Automatic;
						TestTargetID = 2145343A1DADFE3D00C63851;
					};
					214534611DADFE6300C63851 = {
						CreatedOnToolsVersion = 8.0;
						ProvisioningStyle = Automatic;
						TestTargetID = 2145343A1DADFE3D00C63851;
					};
				};
			};
			buildConfigurationList = 214534361DADFE3B00C63851 /* Build configuration list for PBXProject "FetchedResultsIssue" */;
			compatibilityVersion = "Xcode 3.2";
			developmentRegion = English;
			hasScannedForEncodings = 0;
			knownRegions = (
				en,
				Base,
			);
			mainGroup = 214534321DADFE3A00C63851;
			productRefGroup = 2145343C1DADFE4D00C63851 /* Products */;
			projectDirPath = "";
			projectRoot = "";
			targets = (
				2145343A1DADFE3D00C63851 /* FetchedResultsIssue */,
				214534561DADFE6200C63851 /* FetchedResultsIssueTests */,
				214534611DADFE6300C63851 /* FetchedResultsIssueUITests */,
			);
		};
/* End PBXProject section */

/* Begin PBXResourcesBuildPhase section */
		214534391DADFE3D00C63851 /* Resources */ = {
			isa = PBXResourcesBuildPhase;
			buildActionMask = 2147483647;
			files = (
				214534511DADFE5800C63851 /* LaunchScreen.storyboard in Resources */,
				2145344E1DADFE5600C63851 /* Assets.xcassets in Resources */,
				214534491DADFE5400C63851 /* Main.storyboard in Resources */,
			);
			runOnlyForDeploymentPostprocessing = 0;
		};
		214534551DADFE6200C63851 /* Resources */ = {
			isa = PBXResourcesBuildPhase;
			buildActionMask = 2147483647;
			files = (
			);
			runOnlyForDeploymentPostprocessing = 0;
		};
		214534601DADFE6300C63851 /* Resources */ = {
			isa = PBXResourcesBuildPhase;
			buildActionMask = 2147483647;
			files = (
			);
			runOnlyForDeploymentPostprocessing = 0;
		};
/* End PBXResourcesBuildPhase section */

/* Begin PBXSourcesBuildPhase section */
		214534371DADFE3D00C63851 /* Sources */ = {
			isa = PBXSourcesBuildPhase;
			buildActionMask = 2147483647;
			files = (
				2145344C1DADFE5600C63851 /* FetchedResultsIssue.xcdatamodeld in Sources */,
				214534461DADFE5300C63851 /* ViewController.m in Sources */,
				214534431DADFE5100C63851 /* AppDelegate.m in Sources */,
				214534401DADFE5000C63851 /* main.m in Sources */,
			);
			runOnlyForDeploymentPostprocessing = 0;
		};
		214534531DADFE6200C63851 /* Sources */ = {
			isa = PBXSourcesBuildPhase;
			buildActionMask = 2147483647;
			files = (
				2145345C1DADFE6300C63851 /* FetchedResultsIssueTests.m in Sources */,
			);
			runOnlyForDeploymentPostprocessing = 0;
		};
		2145345E1DADFE6300C63851 /* Sources */ = {
			isa = PBXSourcesBuildPhase;
			buildActionMask = 2147483647;
			files = (
				214534671DADFE6300C63851 /* FetchedResultsIssueUITests.m in Sources */,
			);
			runOnlyForDeploymentPostprocessing = 0;
		};
/* End PBXSourcesBuildPhase section */

/* Begin PBXTargetDependency section */
		214534591DADFE6200C63851 /* PBXTargetDependency */ = {
			isa = PBXTargetDependency;
			target = 2145343A1DADFE3D00C63851 /* FetchedResultsIssue */;
			targetProxy = 214534581DADFE6200C63851 /* PBXContainerItemProxy */;
		};
		214534641DADFE6300C63851 /* PBXTargetDependency */ = {
			isa = PBXTargetDependency;
			target = 2145343A1DADFE3D00C63851 /* FetchedResultsIssue */;
			targetProxy = 214534631DADFE6300C63851 /* PBXContainerItemProxy */;
		};
/* End PBXTargetDependency section */

/* Begin PBXVariantGroup section */
		214534471DADFE5400C63851 /* Main.storyboard */ = {
			isa = PBXVariantGroup;
			children = (
				214534481DADFE5400C63851 /* Base */,
			);
			name = Main.storyboard;
			sourceTree = "<group>";
		};
		2145344F1DADFE5800C63851 /* LaunchScreen.storyboard */ = {
			isa = PBXVariantGroup;
			children = (
				214534501DADFE5800C63851 /* Base */,
			);
			name = LaunchScreen.storyboard;
			sourceTree = "<group>";
		};
/* End PBXVariantGroup section */

/* Begin XCBuildConfiguration section */
		214534691DADFE6500C63851 /* Debug */ = {
			isa = XCBuildConfiguration;
			buildSettings = {
				ALWAYS_SEARCH_USER_PATHS = NO;
				CLANG_ANALYZER_NONNULL = YES;
				CLANG_CXX_LANGUAGE_STANDARD = "gnu++0x";
				CLANG_CXX_LIBRARY = "libc++";
				CLANG_ENABLE_MODULES = YES;
				CLANG_ENABLE_OBJC_ARC = YES;
				CLANG_WARN_BOOL_CONVERSION = YES;
				CLANG_WARN_CONSTANT_CONVERSION = YES;
				CLANG_WARN_DIRECT_OBJC_ISA_USAGE = YES_ERROR;
				CLANG_WARN_DOCUMENTATION_COMMENTS = YES;
				CLANG_WARN_EMPTY_BODY = YES;
				CLANG_WARN_ENUM_CONVERSION = YES;
				CLANG_WARN_INFINITE_RECURSION = YES;
				CLANG_WARN_INT_CONVERSION = YES;
				CLANG_WARN_OBJC_ROOT_CLASS = YES_ERROR;
				CLANG_WARN_SUSPICIOUS_MOVES = YES;
				CLANG_WARN_UNREACHABLE_CODE = YES;
				CLANG_WARN__DUPLICATE_METHOD_MATCH = YES;
				"CODE_SIGN_IDENTITY[sdk=iphoneos*]" = "iPhone Developer";
				COPY_PHASE_STRIP = NO;
				DEBUG_INFORMATION_FORMAT = dwarf;
				ENABLE_STRICT_OBJC_MSGSEND = YES;
				ENABLE_TESTABILITY = YES;
				GCC_C_LANGUAGE_STANDARD = gnu99;
				GCC_DYNAMIC_NO_PIC = NO;
				GCC_NO_COMMON_BLOCKS = YES;
				GCC_OPTIMIZATION_LEVEL = 0;
				GCC_PREPROCESSOR_DEFINITIONS = (
					"DEBUG=1",
					"$(inherited)",
				);
				GCC_WARN_64_TO_32_BIT_CONVERSION = YES;
				GCC_WARN_ABOUT_RETURN_TYPE = YES_ERROR;
				GCC_WARN_UNDECLARED_SELECTOR = YES;
				GCC_WARN_UNINITIALIZED_AUTOS = YES_AGGRESSIVE;
				GCC_WARN_UNUSED_FUNCTION = YES;
				GCC_WARN_UNUSED_VARIABLE = YES;
				IPHONEOS_DEPLOYMENT_TARGET = 10.0;
				MTL_ENABLE_DEBUG_INFO = YES;
				ONLY_ACTIVE_ARCH = YES;
				SDKROOT = iphoneos;
			};
			name = Debug;
		};
		2145346A1DADFE6500C63851 /* Release */ = {
			isa = XCBuildConfiguration;
			buildSettings = {
				ALWAYS_SEARCH_USER_PATHS = NO;
				CLANG_ANALYZER_NONNULL = YES;
				CLANG_CXX_LANGUAGE_STANDARD = "gnu++0x";
				CLANG_CXX_LIBRARY = "libc++";
				CLANG_ENABLE_MODULES = YES;
				CLANG_ENABLE_OBJC_ARC = YES;
				CLANG_WARN_BOOL_CONVERSION = YES;
				CLANG_WARN_CONSTANT_CONVERSION = YES;
				CLANG_WARN_DIRECT_OBJC_ISA_USAGE = YES_ERROR;
				CLANG_WARN_DOCUMENTATION_COMMENTS = YES;
				CLANG_WARN_EMPTY_BODY = YES;
				CLANG_WARN_ENUM_CONVERSION = YES;
				CLANG_WARN_INFINITE_RECURSION = YES;
				CLANG_WARN_INT_CONVERSION = YES;
				CLANG_WARN_OBJC_ROOT_CLASS = YES_ERROR;
				CLANG_WARN_SUSPICIOUS_MOVES = YES;
				CLANG_WARN_UNREACHABLE_CODE = YES;
				CLANG_WARN__DUPLICATE_METHOD_MATCH = YES;
				"CODE_SIGN_IDENTITY[sdk=iphoneos*]" = "iPhone Developer";
				COPY_PHASE_STRIP = NO;
				DEBUG_INFORMATION_FORMAT = "dwarf-with-dsym";
				ENABLE_NS_ASSERTIONS = NO;
				ENABLE_STRICT_OBJC_MSGSEND = YES;
				GCC_C_LANGUAGE_STANDARD = gnu99;
				GCC_NO_COMMON_BLOCKS = YES;
				GCC_WARN_64_TO_32_BIT_CONVERSION = YES;
				GCC_WARN_ABOUT_RETURN_TYPE = YES_ERROR;
				GCC_WARN_UNDECLARED_SELECTOR = YES;
				GCC_WARN_UNINITIALIZED_AUTOS = YES_AGGRESSIVE;
				GCC_WARN_UNUSED_FUNCTION = YES;
				GCC_WARN_UNUSED_VARIABLE = YES;
				IPHONEOS_DEPLOYMENT_TARGET = 10.0;
				MTL_ENABLE_DEBUG_INFO = NO;
				SDKROOT = iphoneos;
				VALIDATE_PRODUCT = YES;
			};
			name = Release;
		};
		2145346C1DADFE6500C63851 /* Debug */ = {
			isa = XCBuildConfiguration;
			buildSettings = {
				ASSETCATALOG_COMPILER_APPICON_NAME = AppIcon;
				INFOPLIST_FILE = FetchedResultsIssue/Info.plist;
				LD_RUNPATH_SEARCH_PATHS = "$(inherited) @executable_path/Frameworks";
				PRODUCT_BUNDLE_IDENTIFIER = com.private.FetchedResultsIssue;
				PRODUCT_NAME = "$(TARGET_NAME)";
			};
			name = Debug;
		};
		2145346D1DADFE6500C63851 /* Release */ = {
			isa = XCBuildConfiguration;
			buildSettings = {
				ASSETCATALOG_COMPILER_APPICON_NAME = AppIcon;
				INFOPLIST_FILE = FetchedResultsIssue/Info.plist;
				LD_RUNPATH_SEARCH_PATHS = "$(inherited) @executable_path/Frameworks";
				PRODUCT_BUNDLE_IDENTIFIER = com.private.FetchedResultsIssue;
				PRODUCT_NAME = "$(TARGET_NAME)";
			};
			name = Release;
		};
		2145346F1DADFE6500C63851 /* Debug */ = {
			isa = XCBuildConfiguration;
			buildSettings = {
				BUNDLE_LOADER = "$(TEST_HOST)";
				INFOPLIST_FILE = FetchedResultsIssueTests/Info.plist;
				LD_RUNPATH_SEARCH_PATHS = "$(inherited) @executable_path/Frameworks @loader_path/Frameworks";
				PRODUCT_BUNDLE_IDENTIFIER = com.private.FetchedResultsIssueTests;
				PRODUCT_NAME = "$(TARGET_NAME)";
				TEST_HOST = "$(BUILT_PRODUCTS_DIR)/FetchedResultsIssue.app/FetchedResultsIssue";
			};
			name = Debug;
		};
		214534701DADFE6500C63851 /* Release */ = {
			isa = XCBuildConfiguration;
			buildSettings = {
				BUNDLE_LOADER = "$(TEST_HOST)";
				INFOPLIST_FILE = FetchedResultsIssueTests/Info.plist;
				LD_RUNPATH_SEARCH_PATHS = "$(inherited) @executable_path/Frameworks @loader_path/Frameworks";
				PRODUCT_BUNDLE_IDENTIFIER = com.private.FetchedResultsIssueTests;
				PRODUCT_NAME = "$(TARGET_NAME)";
				TEST_HOST = "$(BUILT_PRODUCTS_DIR)/FetchedResultsIssue.app/FetchedResultsIssue";
			};
			name = Release;
		};
		214534721DADFE6500C63851 /* Debug */ = {
			isa = XCBuildConfiguration;
			buildSettings = {
				INFOPLIST_FILE = FetchedResultsIssueUITests/Info.plist;
				LD_RUNPATH_SEARCH_PATHS = "$(inherited) @executable_path/Frameworks @loader_path/Frameworks";
				PRODUCT_BUNDLE_IDENTIFIER = com.private.FetchedResultsIssueUITests;
				PRODUCT_NAME = "$(TARGET_NAME)";
				TEST_TARGET_NAME = FetchedResultsIssue;
			};
			name = Debug;
		};
		214534731DADFE6500C63851 /* Release */ = {
			isa = XCBuildConfiguration;
			buildSettings = {
				INFOPLIST_FILE = FetchedResultsIssueUITests/Info.plist;
				LD_RUNPATH_SEARCH_PATHS = "$(inherited) @executable_path/Frameworks @loader_path/Frameworks";
				PRODUCT_BUNDLE_IDENTIFIER = com.private.FetchedResultsIssueUITests;
				PRODUCT_NAME = "$(TARGET_NAME)";
				TEST_TARGET_NAME = FetchedResultsIssue;
			};
			name = Release;
		};
/* End XCBuildConfiguration section */

/* Begin XCConfigurationList section */
		214534361DADFE3B00C63851 /* Build configuration list for PBXProject "FetchedResultsIssue" */ = {
			isa = XCConfigurationList;
			buildConfigurations = (
				214534691DADFE6500C63851 /* Debug */,
				2145346A1DADFE6500C63851 /* Release */,
			);
			defaultConfigurationIsVisible = 0;
			defaultConfigurationName = Release;
		};
		2145346B1DADFE6500C63851 /* Build configuration list for PBXNativeTarget "FetchedResultsIssue" */ = {
			isa = XCConfigurationList;
			buildConfigurations = (
				2145346C1DADFE6500C63851 /* Debug */,
				2145346D1DADFE6500C63851 /* Release */,
			);
			defaultConfigurationIsVisible = 0;
		};
		2145346E1DADFE6500C63851 /* Build configuration list for PBXNativeTarget "FetchedResultsIssueTests" */ = {
			isa = XCConfigurationList;
			buildConfigurations = (
				2145346F1DADFE6500C63851 /* Debug */,
				214534701DADFE6500C63851 /* Release */,
			);
			defaultConfigurationIsVisible = 0;
		};
		214534711DADFE6500C63851 /* Build configuration list for PBXNativeTarget "FetchedResultsIssueUITests" */ = {
			isa = XCConfigurationList;
			buildConfigurations = (
				214534721DADFE6500C63851 /* Debug */,
				214534731DADFE6500C63851 /* Release */,
			);
			defaultConfigurationIsVisible = 0;
		};
/* End XCConfigurationList section */

/* Begin XCVersionGroup section */
		2145344A1DADFE5600C63851 /* FetchedResultsIssue.xcdatamodeld */ = {
			isa = XCVersionGroup;
			children = (
				2145344B1DADFE5600C63851 /* FetchedResultsIssue.xcdatamodel */,
			);
			currentVersion = 2145344B1DADFE5600C63851 /* FetchedResultsIssue.xcdatamodel */;
			path = FetchedResultsIssue.xcdatamodeld;
			sourceTree = "<group>";
			versionGroupType = wrapper.xcdatamodel;
		};
/* End XCVersionGroup section */
	};
	rootObject = 214534331DADFE3B00C63851 /* Project object */;
}
